
Microsoft Visual Studio Solution File, Format Version 12.00
# Visual Studio Version 16
VisualStudioVersion = 16.0.32510.428
MinimumVisualStudioVersion = 10.0.40219.1
Project("{FAE04EC0-301F-11D3-BF4B-00C04F79EFBC}") = "Console_Calculator", "Console_Calculator.csproj", "{738CB744-A59E-47B9-BBA8-D1E65A7F05A6}"
EndProject
Global
	GlobalSection(SolutionConfigurationPlatforms) = preSolution
		Debug|Any CPU = Debug|Any CPU
		Release|Any CPU = Release|Any CPU
	EndGlobalSection
	GlobalSection(ProjectConfigurationPlatforms) = postSolution
		{738CB744-A59E-47B9-BBA8-D1E65A7F05A6}.Debug|Any CPU.ActiveCfg = Debug|Any CPU
		{738CB744-A59E-47B9-BBA8-D1E65A7F05A6}.Debug|Any CPU.Build.0 = Debug|Any CPU
		{738CB744-A59E-47B9-BBA8-D1E65A7F05A6}.Release|Any CPU.ActiveCfg = Release|Any CPU
		{738CB744-A59E-47B9-BBA8-D1E65A7F05A6}.Release|Any CPU.Build.0 = Release|Any CPU
	EndGlobalSection
	GlobalSection(SolutionProperties) = preSolution
		HideSolutionNode = FALSE
	EndGlobalSection
	GlobalSection(ExtensibilityGlobals) = postSolution
		SolutionGuid = {C52F05F7-74B0-4D6B-A6BC-56A566BA36F5}
	EndGlobalSection
EndGlobal
