
Microsoft Visual Studio Solution File, Format Version 12.00
# Visual Studio Version 16
VisualStudioVersion = 16.0.32510.428
MinimumVisualStudioVersion = 10.0.40219.1
Project("{FAE04EC0-301F-11D3-BF4B-00C04F79EFBC}") = "BlogSite", "BlogSite.csproj", "{CFABD229-4C2A-4934-A41F-C2E66E66FBDE}"
EndProject
Global
	GlobalSection(SolutionConfigurationPlatforms) = preSolution
		Debug|Any CPU = Debug|Any CPU
		Release|Any CPU = Release|Any CPU
	EndGlobalSection
	GlobalSection(ProjectConfigurationPlatforms) = postSolution
		{CFABD229-4C2A-4934-A41F-C2E66E66FBDE}.Debug|Any CPU.ActiveCfg = Debug|Any CPU
		{CFABD229-4C2A-4934-A41F-C2E66E66FBDE}.Debug|Any CPU.Build.0 = Debug|Any CPU
		{CFABD229-4C2A-4934-A41F-C2E66E66FBDE}.Release|Any CPU.ActiveCfg = Release|Any CPU
		{CFABD229-4C2A-4934-A41F-C2E66E66FBDE}.Release|Any CPU.Build.0 = Release|Any CPU
	EndGlobalSection
	GlobalSection(SolutionProperties) = preSolution
		HideSolutionNode = FALSE
	EndGlobalSection
	GlobalSection(ExtensibilityGlobals) = postSolution
		SolutionGuid = {C8E3D9A7-D5D8-4124-A127-A8B06477FACC}
	EndGlobalSection
EndGlobal
