
Microsoft Visual Studio Solution File, Format Version 12.00
# Visual Studio Version 16
VisualStudioVersion = 16.0.32510.428
MinimumVisualStudioVersion = 10.0.40219.1
Project("{FAE04EC0-301F-11D3-BF4B-00C04F79EFBC}") = "Class_2", "Class_2.csproj", "{8A8B5DC3-1175-4EDD-BD0A-3CAE9730AEB8}"
EndProject
Global
	GlobalSection(SolutionConfigurationPlatforms) = preSolution
		Debug|Any CPU = Debug|Any CPU
		Release|Any CPU = Release|Any CPU
	EndGlobalSection
	GlobalSection(ProjectConfigurationPlatforms) = postSolution
		{8A8B5DC3-1175-4EDD-BD0A-3CAE9730AEB8}.Debug|Any CPU.ActiveCfg = Debug|Any CPU
		{8A8B5DC3-1175-4EDD-BD0A-3CAE9730AEB8}.Debug|Any CPU.Build.0 = Debug|Any CPU
		{8A8B5DC3-1175-4EDD-BD0A-3CAE9730AEB8}.Release|Any CPU.ActiveCfg = Release|Any CPU
		{8A8B5DC3-1175-4EDD-BD0A-3CAE9730AEB8}.Release|Any CPU.Build.0 = Release|Any CPU
	EndGlobalSection
	GlobalSection(SolutionProperties) = preSolution
		HideSolutionNode = FALSE
	EndGlobalSection
	GlobalSection(ExtensibilityGlobals) = postSolution
		SolutionGuid = {A7B92619-F5D9-4283-B6B5-916C176EE79A}
	EndGlobalSection
EndGlobal
